
Microsoft Visual Studio Solution File, Format Version 12.00
# Visual Studio 15
VisualStudioVersion = 15.0.28307.779
MinimumVisualStudioVersion = 10.0.40219.1
Project("{8BC9CEB8-8B4A-11D0-8D11-00A0C91BC942}") = "Add", "Add\Add.vcxproj", "{CEF13159-E588-49E2-A482-39CD79AC2B33}"
EndProject
Global
	GlobalSection(SolutionConfigurationPlatforms) = preSolution
		Debug|x64 = Debug|x64
		Debug|x86 = Debug|x86
		Release|x64 = Release|x64
		Release|x86 = Release|x86
	EndGlobalSection
	GlobalSection(ProjectConfigurationPlatforms) = postSolution
		{CEF13159-E588-49E2-A482-39CD79AC2B33}.Debug|x64.ActiveCfg = Debug|x64
		{CEF13159-E588-49E2-A482-39CD79AC2B33}.Debug|x64.Build.0 = Debug|x64
		{CEF13159-E588-49E2-A482-39CD79AC2B33}.Debug|x86.ActiveCfg = Debug|Win32
		{CEF13159-E588-49E2-A482-39CD79AC2B33}.Debug|x86.Build.0 = Debug|Win32
		{CEF13159-E588-49E2-A482-39CD79AC2B33}.Release|x64.ActiveCfg = Release|x64
		{CEF13159-E588-49E2-A482-39CD79AC2B33}.Release|x64.Build.0 = Release|x64
		{CEF13159-E588-49E2-A482-39CD79AC2B33}.Release|x86.ActiveCfg = Release|Win32
		{CEF13159-E588-49E2-A482-39CD79AC2B33}.Release|x86.Build.0 = Release|Win32
	EndGlobalSection
	GlobalSection(SolutionProperties) = preSolution
		HideSolutionNode = FALSE
	EndGlobalSection
	GlobalSection(ExtensibilityGlobals) = postSolution
		SolutionGuid = {09FD605A-BA4C-4D5B-A5A8-D0A854419E51}
	EndGlobalSection
EndGlobal
